
Microsoft Visual Studio Solution File, Format Version 12.00
# Visual Studio 15
VisualStudioVersion = 15.0.28307.421
MinimumVisualStudioVersion = 10.0.40219.1
Project("{FAE04EC0-301F-11D3-BF4B-00C04F79EFBC}") = "Core", "Core\Core.csproj", "{5DEB16AE-43E6-4430-A566-652BC9E39609}"
EndProject
Project("{FAE04EC0-301F-11D3-BF4B-00C04F79EFBC}") = "WorldGeneration", "WorldGeneration\WorldGeneration.csproj", "{5820A30E-47E4-4E06-897B-3DCE6EBB2F22}"
EndProject
Project("{FAE04EC0-301F-11D3-BF4B-00C04F79EFBC}") = "WorldGeneration.CLI", "WorldGeneration.CLI\WorldGeneration.CLI.csproj", "{F56B3AEC-62FE-4558-A7D2-E82BAC302F7B}"
EndProject
Project("{FAE04EC0-301F-11D3-BF4B-00C04F79EFBC}") = "VisualizationWPFApp", "VisualizationWPFApp\VisualizationWPFApp.csproj", "{27ACDE4C-30A8-4F1C-AD54-249003FE9AD7}"
EndProject
Project("{FAE04EC0-301F-11D3-BF4B-00C04F79EFBC}") = "AlgorithmsLibrary", "AlgorithmsLibrary\AlgorithmsLibrary.csproj", "{4586EAD7-540E-42E4-91DB-B07190361E06}"
EndProject
Project("{FAE04EC0-301F-11D3-BF4B-00C04F79EFBC}") = "Labirynths", "Labirynths\Labirynths.csproj", "{6FA32B86-7220-488E-B901-1243A96610EA}"
EndProject
Project("{FAE04EC0-301F-11D3-BF4B-00C04F79EFBC}") = "Labirynths.CLI", "Labirynths.CLI\Labirynths.CLI.csproj", "{5C30301A-BFBE-4D13-9433-2CD93AF0B100}"
EndProject
Global
	GlobalSection(SolutionConfigurationPlatforms) = preSolution
		Debug|Any CPU = Debug|Any CPU
		Release|Any CPU = Release|Any CPU
	EndGlobalSection
	GlobalSection(ProjectConfigurationPlatforms) = postSolution
		{5DEB16AE-43E6-4430-A566-652BC9E39609}.Debug|Any CPU.ActiveCfg = Debug|Any CPU
		{5DEB16AE-43E6-4430-A566-652BC9E39609}.Debug|Any CPU.Build.0 = Debug|Any CPU
		{5DEB16AE-43E6-4430-A566-652BC9E39609}.Release|Any CPU.ActiveCfg = Release|Any CPU
		{5DEB16AE-43E6-4430-A566-652BC9E39609}.Release|Any CPU.Build.0 = Release|Any CPU
		{5820A30E-47E4-4E06-897B-3DCE6EBB2F22}.Debug|Any CPU.ActiveCfg = Debug|Any CPU
		{5820A30E-47E4-4E06-897B-3DCE6EBB2F22}.Debug|Any CPU.Build.0 = Debug|Any CPU
		{5820A30E-47E4-4E06-897B-3DCE6EBB2F22}.Release|Any CPU.ActiveCfg = Release|Any CPU
		{5820A30E-47E4-4E06-897B-3DCE6EBB2F22}.Release|Any CPU.Build.0 = Release|Any CPU
		{F56B3AEC-62FE-4558-A7D2-E82BAC302F7B}.Debug|Any CPU.ActiveCfg = Debug|Any CPU
		{F56B3AEC-62FE-4558-A7D2-E82BAC302F7B}.Debug|Any CPU.Build.0 = Debug|Any CPU
		{F56B3AEC-62FE-4558-A7D2-E82BAC302F7B}.Release|Any CPU.ActiveCfg = Release|Any CPU
		{F56B3AEC-62FE-4558-A7D2-E82BAC302F7B}.Release|Any CPU.Build.0 = Release|Any CPU
		{27ACDE4C-30A8-4F1C-AD54-249003FE9AD7}.Debug|Any CPU.ActiveCfg = Debug|Any CPU
		{27ACDE4C-30A8-4F1C-AD54-249003FE9AD7}.Debug|Any CPU.Build.0 = Debug|Any CPU
		{27ACDE4C-30A8-4F1C-AD54-249003FE9AD7}.Release|Any CPU.ActiveCfg = Release|Any CPU
		{27ACDE4C-30A8-4F1C-AD54-249003FE9AD7}.Release|Any CPU.Build.0 = Release|Any CPU
		{4586EAD7-540E-42E4-91DB-B07190361E06}.Debug|Any CPU.ActiveCfg = Debug|Any CPU
		{4586EAD7-540E-42E4-91DB-B07190361E06}.Debug|Any CPU.Build.0 = Debug|Any CPU
		{4586EAD7-540E-42E4-91DB-B07190361E06}.Release|Any CPU.ActiveCfg = Release|Any CPU
		{4586EAD7-540E-42E4-91DB-B07190361E06}.Release|Any CPU.Build.0 = Release|Any CPU
		{6FA32B86-7220-488E-B901-1243A96610EA}.Debug|Any CPU.ActiveCfg = Debug|Any CPU
		{6FA32B86-7220-488E-B901-1243A96610EA}.Debug|Any CPU.Build.0 = Debug|Any CPU
		{6FA32B86-7220-488E-B901-1243A96610EA}.Release|Any CPU.ActiveCfg = Release|Any CPU
		{6FA32B86-7220-488E-B901-1243A96610EA}.Release|Any CPU.Build.0 = Release|Any CPU
		{5C30301A-BFBE-4D13-9433-2CD93AF0B100}.Debug|Any CPU.ActiveCfg = Debug|Any CPU
		{5C30301A-BFBE-4D13-9433-2CD93AF0B100}.Debug|Any CPU.Build.0 = Debug|Any CPU
		{5C30301A-BFBE-4D13-9433-2CD93AF0B100}.Release|Any CPU.ActiveCfg = Release|Any CPU
		{5C30301A-BFBE-4D13-9433-2CD93AF0B100}.Release|Any CPU.Build.0 = Release|Any CPU
	EndGlobalSection
	GlobalSection(SolutionProperties) = preSolution
		HideSolutionNode = FALSE
	EndGlobalSection
	GlobalSection(ExtensibilityGlobals) = postSolution
		SolutionGuid = {1536BBC5-E124-44DA-A373-CAC98EEE4640}
	EndGlobalSection
EndGlobal
