
Microsoft Visual Studio Solution File, Format Version 12.00
# Visual Studio 15
VisualStudioVersion = 15.0.28307.421
MinimumVisualStudioVersion = 10.0.40219.1
Project("{FAE04EC0-301F-11D3-BF4B-00C04F79EFBC}") = "Core", "Core\Core.csproj", "{5DEB16AE-43E6-4430-A566-652BC9E39609}"
EndProject
Project("{FAE04EC0-301F-11D3-BF4B-00C04F79EFBC}") = "WorldGeneration", "WorldGeneration\WorldGeneration.csproj", "{5820A30E-47E4-4E06-897B-3DCE6EBB2F22}"
EndProject
Project("{FAE04EC0-301F-11D3-BF4B-00C04F79EFBC}") = "WorldGeneration.CLI", "WorldGeneration.CLI\WorldGeneration.CLI.csproj", "{F56B3AEC-62FE-4558-A7D2-E82BAC302F7B}"
EndProject
Global
	GlobalSection(SolutionConfigurationPlatforms) = preSolution
		Debug|Any CPU = Debug|Any CPU
		Release|Any CPU = Release|Any CPU
	EndGlobalSection
	GlobalSection(ProjectConfigurationPlatforms) = postSolution
		{5DEB16AE-43E6-4430-A566-652BC9E39609}.Debug|Any CPU.ActiveCfg = Debug|Any CPU
		{5DEB16AE-43E6-4430-A566-652BC9E39609}.Debug|Any CPU.Build.0 = Debug|Any CPU
		{5DEB16AE-43E6-4430-A566-652BC9E39609}.Release|Any CPU.ActiveCfg = Release|Any CPU
		{5DEB16AE-43E6-4430-A566-652BC9E39609}.Release|Any CPU.Build.0 = Release|Any CPU
		{5820A30E-47E4-4E06-897B-3DCE6EBB2F22}.Debug|Any CPU.ActiveCfg = Debug|Any CPU
		{5820A30E-47E4-4E06-897B-3DCE6EBB2F22}.Debug|Any CPU.Build.0 = Debug|Any CPU
		{5820A30E-47E4-4E06-897B-3DCE6EBB2F22}.Release|Any CPU.ActiveCfg = Release|Any CPU
		{5820A30E-47E4-4E06-897B-3DCE6EBB2F22}.Release|Any CPU.Build.0 = Release|Any CPU
		{F56B3AEC-62FE-4558-A7D2-E82BAC302F7B}.Debug|Any CPU.ActiveCfg = Debug|Any CPU
		{F56B3AEC-62FE-4558-A7D2-E82BAC302F7B}.Debug|Any CPU.Build.0 = Debug|Any CPU
		{F56B3AEC-62FE-4558-A7D2-E82BAC302F7B}.Release|Any CPU.ActiveCfg = Release|Any CPU
		{F56B3AEC-62FE-4558-A7D2-E82BAC302F7B}.Release|Any CPU.Build.0 = Release|Any CPU
	EndGlobalSection
	GlobalSection(SolutionProperties) = preSolution
		HideSolutionNode = FALSE
	EndGlobalSection
	GlobalSection(ExtensibilityGlobals) = postSolution
		SolutionGuid = {1536BBC5-E124-44DA-A373-CAC98EEE4640}
	EndGlobalSection
EndGlobal
